
Microsoft Visual Studio Solution File, Format Version 12.00
# Visual Studio Version 17
VisualStudioVersion = 17.2.32519.379
MinimumVisualStudioVersion = 10.0.40219.1
Project("{FAE04EC0-301F-11D3-BF4B-00C04F79EFBC}") = "LINQToObjects", "LINQToObjects\LINQToObjects.csproj", "{FB9CFFC5-2463-49AB-938C-EAC398C808E5}"
EndProject
Project("{FAE04EC0-301F-11D3-BF4B-00C04F79EFBC}") = "LINQToXML", "LINQToXML\LINQToXML.csproj", "{50733AD5-590B-4DA2-BA0E-362A9DB46BB5}"
EndProject
Project("{2150E333-8FDC-42A3-9474-1A3956D46DE8}") = "Solution Items", "Solution Items", "{1DD19472-56C2-4503-88F7-38D63402DF05}"
	ProjectSection(SolutionItems) = preProject
		.editorconfig = .editorconfig
	EndProjectSection
EndProject
Global
	GlobalSection(SolutionConfigurationPlatforms) = preSolution
		Debug|Any CPU = Debug|Any CPU
		Release|Any CPU = Release|Any CPU
	EndGlobalSection
	GlobalSection(ProjectConfigurationPlatforms) = postSolution
		{FB9CFFC5-2463-49AB-938C-EAC398C808E5}.Debug|Any CPU.ActiveCfg = Debug|Any CPU
		{FB9CFFC5-2463-49AB-938C-EAC398C808E5}.Debug|Any CPU.Build.0 = Debug|Any CPU
		{FB9CFFC5-2463-49AB-938C-EAC398C808E5}.Release|Any CPU.ActiveCfg = Release|Any CPU
		{FB9CFFC5-2463-49AB-938C-EAC398C808E5}.Release|Any CPU.Build.0 = Release|Any CPU
		{50733AD5-590B-4DA2-BA0E-362A9DB46BB5}.Debug|Any CPU.ActiveCfg = Debug|Any CPU
		{50733AD5-590B-4DA2-BA0E-362A9DB46BB5}.Debug|Any CPU.Build.0 = Debug|Any CPU
		{50733AD5-590B-4DA2-BA0E-362A9DB46BB5}.Release|Any CPU.ActiveCfg = Release|Any CPU
		{50733AD5-590B-4DA2-BA0E-362A9DB46BB5}.Release|Any CPU.Build.0 = Release|Any CPU
	EndGlobalSection
	GlobalSection(SolutionProperties) = preSolution
		HideSolutionNode = FALSE
	EndGlobalSection
	GlobalSection(ExtensibilityGlobals) = postSolution
		SolutionGuid = {716CC4E4-8A1B-47A2-8020-9BC914C12C8A}
	EndGlobalSection
EndGlobal
